
Microsoft Visual Studio Solution File, Format Version 12.00
# Visual Studio Version 17
VisualStudioVersion = 17.1.32421.90
MinimumVisualStudioVersion = 10.0.40219.1
Project("{FAE04EC0-301F-11D3-BF4B-00C04F79EFBC}") = "ProjetoTesteER2UC12", "ProjetoTesteER2-UC12\ProjetoTesteER2UC12.csproj", "{41A99177-3CFE-4460-8BC7-BD101A619B42}"
EndProject
Project("{FAE04EC0-301F-11D3-BF4B-00C04F79EFBC}") = "TestMSTest", "TestMSTest\TestMSTest.csproj", "{3908B4E0-927D-4083-93C9-B4624E593C73}"
EndProject
Project("{FAE04EC0-301F-11D3-BF4B-00C04F79EFBC}") = "TestXUnit", "TestXUnit\TestXUnit.csproj", "{203C28AC-3A3E-480E-8D2C-62311EEE0E86}"
EndProject
Global
	GlobalSection(SolutionConfigurationPlatforms) = preSolution
		Debug|Any CPU = Debug|Any CPU
		Release|Any CPU = Release|Any CPU
	EndGlobalSection
	GlobalSection(ProjectConfigurationPlatforms) = postSolution
		{41A99177-3CFE-4460-8BC7-BD101A619B42}.Debug|Any CPU.ActiveCfg = Debug|Any CPU
		{41A99177-3CFE-4460-8BC7-BD101A619B42}.Debug|Any CPU.Build.0 = Debug|Any CPU
		{41A99177-3CFE-4460-8BC7-BD101A619B42}.Release|Any CPU.ActiveCfg = Release|Any CPU
		{41A99177-3CFE-4460-8BC7-BD101A619B42}.Release|Any CPU.Build.0 = Release|Any CPU
		{3908B4E0-927D-4083-93C9-B4624E593C73}.Debug|Any CPU.ActiveCfg = Debug|Any CPU
		{3908B4E0-927D-4083-93C9-B4624E593C73}.Debug|Any CPU.Build.0 = Debug|Any CPU
		{3908B4E0-927D-4083-93C9-B4624E593C73}.Release|Any CPU.ActiveCfg = Release|Any CPU
		{3908B4E0-927D-4083-93C9-B4624E593C73}.Release|Any CPU.Build.0 = Release|Any CPU
		{203C28AC-3A3E-480E-8D2C-62311EEE0E86}.Debug|Any CPU.ActiveCfg = Debug|Any CPU
		{203C28AC-3A3E-480E-8D2C-62311EEE0E86}.Debug|Any CPU.Build.0 = Debug|Any CPU
		{203C28AC-3A3E-480E-8D2C-62311EEE0E86}.Release|Any CPU.ActiveCfg = Release|Any CPU
		{203C28AC-3A3E-480E-8D2C-62311EEE0E86}.Release|Any CPU.Build.0 = Release|Any CPU
	EndGlobalSection
	GlobalSection(SolutionProperties) = preSolution
		HideSolutionNode = FALSE
	EndGlobalSection
	GlobalSection(ExtensibilityGlobals) = postSolution
		SolutionGuid = {85D880A5-C5BD-4D5C-B5AF-BCBCAE95EE34}
	EndGlobalSection
EndGlobal
